
Microsoft Visual Studio Solution File, Format Version 12.00
# Visual Studio Version 16
VisualStudioVersion = 16.0.31205.134
MinimumVisualStudioVersion = 10.0.40219.1
Project("{9A19103F-16F7-4668-BE54-9A1E7A4F7556}") = "XUnitDemo.WebApi", "XUnitDemo\XUnitDemo.WebApi.csproj", "{E697795D-A9AF-450C-B991-267F18E7411A}"
EndProject
Project("{FAE04EC0-301F-11D3-BF4B-00C04F79EFBC}") = "XUnitDemo.NUnitTests", "XUnitDemo.NUnitTests\XUnitDemo.NUnitTests.csproj", "{19C5E51F-D629-4BCB-B3CE-4DECB5DE7D68}"
EndProject
Project("{FAE04EC0-301F-11D3-BF4B-00C04F79EFBC}") = "XUnitDemo.Service", "XUnitDemo.Service\XUnitDemo.Service.csproj", "{19C2071A-2FEC-43DD-BED8-D8D551FD1DC9}"
EndProject
Project("{FAE04EC0-301F-11D3-BF4B-00C04F79EFBC}") = "XUnitDemo.XUnitTests", "XUnitDemo.XUnitTests\XUnitDemo.XUnitTests.csproj", "{C46DE56B-3B81-4E09-B648-B49F61E8D334}"
EndProject
Project("{2150E333-8FDC-42A3-9474-1A3956D46DE8}") = "unittest", "unittest", "{B715EFFB-9A31-4803-9454-8D1DE60590EE}"
EndProject
Project("{2150E333-8FDC-42A3-9474-1A3956D46DE8}") = "app", "app", "{43014C36-14C3-4D27-9EBC-98C536D20552}"
EndProject
Global
	GlobalSection(SolutionConfigurationPlatforms) = preSolution
		Debug|Any CPU = Debug|Any CPU
		Release|Any CPU = Release|Any CPU
	EndGlobalSection
	GlobalSection(ProjectConfigurationPlatforms) = postSolution
		{E697795D-A9AF-450C-B991-267F18E7411A}.Debug|Any CPU.ActiveCfg = Debug|Any CPU
		{E697795D-A9AF-450C-B991-267F18E7411A}.Debug|Any CPU.Build.0 = Debug|Any CPU
		{E697795D-A9AF-450C-B991-267F18E7411A}.Release|Any CPU.ActiveCfg = Release|Any CPU
		{E697795D-A9AF-450C-B991-267F18E7411A}.Release|Any CPU.Build.0 = Release|Any CPU
		{19C5E51F-D629-4BCB-B3CE-4DECB5DE7D68}.Debug|Any CPU.ActiveCfg = Debug|Any CPU
		{19C5E51F-D629-4BCB-B3CE-4DECB5DE7D68}.Debug|Any CPU.Build.0 = Debug|Any CPU
		{19C5E51F-D629-4BCB-B3CE-4DECB5DE7D68}.Release|Any CPU.ActiveCfg = Release|Any CPU
		{19C5E51F-D629-4BCB-B3CE-4DECB5DE7D68}.Release|Any CPU.Build.0 = Release|Any CPU
		{19C2071A-2FEC-43DD-BED8-D8D551FD1DC9}.Debug|Any CPU.ActiveCfg = Debug|Any CPU
		{19C2071A-2FEC-43DD-BED8-D8D551FD1DC9}.Debug|Any CPU.Build.0 = Debug|Any CPU
		{19C2071A-2FEC-43DD-BED8-D8D551FD1DC9}.Release|Any CPU.ActiveCfg = Release|Any CPU
		{19C2071A-2FEC-43DD-BED8-D8D551FD1DC9}.Release|Any CPU.Build.0 = Release|Any CPU
		{C46DE56B-3B81-4E09-B648-B49F61E8D334}.Debug|Any CPU.ActiveCfg = Debug|Any CPU
		{C46DE56B-3B81-4E09-B648-B49F61E8D334}.Debug|Any CPU.Build.0 = Debug|Any CPU
		{C46DE56B-3B81-4E09-B648-B49F61E8D334}.Release|Any CPU.ActiveCfg = Release|Any CPU
		{C46DE56B-3B81-4E09-B648-B49F61E8D334}.Release|Any CPU.Build.0 = Release|Any CPU
	EndGlobalSection
	GlobalSection(SolutionProperties) = preSolution
		HideSolutionNode = FALSE
	EndGlobalSection
	GlobalSection(NestedProjects) = preSolution
		{E697795D-A9AF-450C-B991-267F18E7411A} = {43014C36-14C3-4D27-9EBC-98C536D20552}
		{19C5E51F-D629-4BCB-B3CE-4DECB5DE7D68} = {B715EFFB-9A31-4803-9454-8D1DE60590EE}
		{19C2071A-2FEC-43DD-BED8-D8D551FD1DC9} = {43014C36-14C3-4D27-9EBC-98C536D20552}
		{C46DE56B-3B81-4E09-B648-B49F61E8D334} = {B715EFFB-9A31-4803-9454-8D1DE60590EE}
	EndGlobalSection
	GlobalSection(ExtensibilityGlobals) = postSolution
		SolutionGuid = {3BD2E027-B2D8-4B42-8451-BCF710EDA7F7}
	EndGlobalSection
EndGlobal
